{
  "version": 1,
  "dependencies": {
    "net10.0": {
      "GitVersion.MsBuild": {
        "type": "Direct",
        "requested": "[6.7.0, )",
        "resolved": "6.7.0",
        "contentHash": "0W5NHnfnogX0pfidRcJfqzfb8Yc/avBfq1qVuaHiHIjbtsjKHt9IFtt18p/ttCCeJlJe9fQliQ3pSkZQcibXlw=="
      },
      "LinkDotNet.StringBuilder": {
        "type": "Transitive",
        "resolved": "3.4.1",
        "contentHash": "TnivM7AvNhIVLnJxir5tzl90GN9PAYzigGqv3ZXGg1+5HY1gj8XrUjCNoUYrUcm/UjozlOs4rENV41EqWyFPZg=="
      },
      "NodaTime": {
        "type": "Transitive",
        "resolved": "3.3.2",
        "contentHash": "8hI5b1ENTKQCaPyU6YHpYiMwj5aJKZ4Mnv0bLbhk65Dd44gQsXenUohMzyiIphANa8LdW6vcOvpY/l1urvx4dw=="
      },
      "NodaTime.Serialization.SystemTextJson": {
        "type": "Transitive",
        "resolved": "1.4.0",
        "contentHash": "jGe0WLNAoRb3efOgsa5iecmMuzP+LNdtw2Rs4N9+2pS4YN+kg8e9Z48Jk47WWebcpqF81YdWT2KNInbXZXTS7w==",
        "dependencies": {
          "NodaTime": "[3.0.0, 4.0.0)"
        }
      },
      "ClosureOSS.Calendare.VSyntaxReader": {
        "type": "Project",
        "dependencies": {
          "LinkDotNet.StringBuilder": "[3.4.1, )",
          "NodaTime": "[3.3.2, )",
          "NodaTime.Serialization.SystemTextJson": "[1.4.0, )"
        }
      }
    }
  }
}